
Microsoft Visual Studio Solution File, Format Version 12.00
# Visual Studio 15
VisualStudioVersion = 15.0.26124.0
MinimumVisualStudioVersion = 15.0.26124.0
Project("{FAE04EC0-301F-11D3-BF4B-00C04F79EFBC}") = "Text", "Text\Text.csproj", "{2661887B-EF1D-4464-BBC6-5BE670A3417D}"
EndProject
Project("{FAE04EC0-301F-11D3-BF4B-00C04F79EFBC}") = "Text.Tests", "Text.Tests\Text.Tests.csproj", "{5ABB35E6-2CAE-4425-872D-BC2721609E0D}"
EndProject
Global
	GlobalSection(SolutionConfigurationPlatforms) = preSolution
		Debug|Any CPU = Debug|Any CPU
		Debug|x64 = Debug|x64
		Debug|x86 = Debug|x86
		Release|Any CPU = Release|Any CPU
		Release|x64 = Release|x64
		Release|x86 = Release|x86
	EndGlobalSection
	GlobalSection(SolutionProperties) = preSolution
		HideSolutionNode = FALSE
	EndGlobalSection
	GlobalSection(ProjectConfigurationPlatforms) = postSolution
		{2661887B-EF1D-4464-BBC6-5BE670A3417D}.Debug|Any CPU.ActiveCfg = Debug|Any CPU
		{2661887B-EF1D-4464-BBC6-5BE670A3417D}.Debug|Any CPU.Build.0 = Debug|Any CPU
		{2661887B-EF1D-4464-BBC6-5BE670A3417D}.Debug|x64.ActiveCfg = Debug|Any CPU
		{2661887B-EF1D-4464-BBC6-5BE670A3417D}.Debug|x64.Build.0 = Debug|Any CPU
		{2661887B-EF1D-4464-BBC6-5BE670A3417D}.Debug|x86.ActiveCfg = Debug|Any CPU
		{2661887B-EF1D-4464-BBC6-5BE670A3417D}.Debug|x86.Build.0 = Debug|Any CPU
		{2661887B-EF1D-4464-BBC6-5BE670A3417D}.Release|Any CPU.ActiveCfg = Release|Any CPU
		{2661887B-EF1D-4464-BBC6-5BE670A3417D}.Release|Any CPU.Build.0 = Release|Any CPU
		{2661887B-EF1D-4464-BBC6-5BE670A3417D}.Release|x64.ActiveCfg = Release|Any CPU
		{2661887B-EF1D-4464-BBC6-5BE670A3417D}.Release|x64.Build.0 = Release|Any CPU
		{2661887B-EF1D-4464-BBC6-5BE670A3417D}.Release|x86.ActiveCfg = Release|Any CPU
		{2661887B-EF1D-4464-BBC6-5BE670A3417D}.Release|x86.Build.0 = Release|Any CPU
		{5ABB35E6-2CAE-4425-872D-BC2721609E0D}.Debug|Any CPU.ActiveCfg = Debug|Any CPU
		{5ABB35E6-2CAE-4425-872D-BC2721609E0D}.Debug|Any CPU.Build.0 = Debug|Any CPU
		{5ABB35E6-2CAE-4425-872D-BC2721609E0D}.Debug|x64.ActiveCfg = Debug|Any CPU
		{5ABB35E6-2CAE-4425-872D-BC2721609E0D}.Debug|x64.Build.0 = Debug|Any CPU
		{5ABB35E6-2CAE-4425-872D-BC2721609E0D}.Debug|x86.ActiveCfg = Debug|Any CPU
		{5ABB35E6-2CAE-4425-872D-BC2721609E0D}.Debug|x86.Build.0 = Debug|Any CPU
		{5ABB35E6-2CAE-4425-872D-BC2721609E0D}.Release|Any CPU.ActiveCfg = Release|Any CPU
		{5ABB35E6-2CAE-4425-872D-BC2721609E0D}.Release|Any CPU.Build.0 = Release|Any CPU
		{5ABB35E6-2CAE-4425-872D-BC2721609E0D}.Release|x64.ActiveCfg = Release|Any CPU
		{5ABB35E6-2CAE-4425-872D-BC2721609E0D}.Release|x64.Build.0 = Release|Any CPU
		{5ABB35E6-2CAE-4425-872D-BC2721609E0D}.Release|x86.ActiveCfg = Release|Any CPU
		{5ABB35E6-2CAE-4425-872D-BC2721609E0D}.Release|x86.Build.0 = Release|Any CPU
	EndGlobalSection
EndGlobal
