
Microsoft Visual Studio Solution File, Format Version 12.00
# Visual Studio 15
VisualStudioVersion = 15.0.26124.0
MinimumVisualStudioVersion = 15.0.26124.0
Project("{FAE04EC0-301F-11D3-BF4B-00C04F79EFBC}") = "Text", "Text\Text.csproj", "{A7A413B1-8A2F-450E-B9DE-27BB6F665B27}"
EndProject
Project("{FAE04EC0-301F-11D3-BF4B-00C04F79EFBC}") = "Text.Tests", "Text.Tests\Text.Tests.csproj", "{4AF6FA2F-B9DE-42F4-9893-F68B13F9D268}"
EndProject
Global
	GlobalSection(SolutionConfigurationPlatforms) = preSolution
		Debug|Any CPU = Debug|Any CPU
		Debug|x64 = Debug|x64
		Debug|x86 = Debug|x86
		Release|Any CPU = Release|Any CPU
		Release|x64 = Release|x64
		Release|x86 = Release|x86
	EndGlobalSection
	GlobalSection(SolutionProperties) = preSolution
		HideSolutionNode = FALSE
	EndGlobalSection
	GlobalSection(ProjectConfigurationPlatforms) = postSolution
		{A7A413B1-8A2F-450E-B9DE-27BB6F665B27}.Debug|Any CPU.ActiveCfg = Debug|Any CPU
		{A7A413B1-8A2F-450E-B9DE-27BB6F665B27}.Debug|Any CPU.Build.0 = Debug|Any CPU
		{A7A413B1-8A2F-450E-B9DE-27BB6F665B27}.Debug|x64.ActiveCfg = Debug|Any CPU
		{A7A413B1-8A2F-450E-B9DE-27BB6F665B27}.Debug|x64.Build.0 = Debug|Any CPU
		{A7A413B1-8A2F-450E-B9DE-27BB6F665B27}.Debug|x86.ActiveCfg = Debug|Any CPU
		{A7A413B1-8A2F-450E-B9DE-27BB6F665B27}.Debug|x86.Build.0 = Debug|Any CPU
		{A7A413B1-8A2F-450E-B9DE-27BB6F665B27}.Release|Any CPU.ActiveCfg = Release|Any CPU
		{A7A413B1-8A2F-450E-B9DE-27BB6F665B27}.Release|Any CPU.Build.0 = Release|Any CPU
		{A7A413B1-8A2F-450E-B9DE-27BB6F665B27}.Release|x64.ActiveCfg = Release|Any CPU
		{A7A413B1-8A2F-450E-B9DE-27BB6F665B27}.Release|x64.Build.0 = Release|Any CPU
		{A7A413B1-8A2F-450E-B9DE-27BB6F665B27}.Release|x86.ActiveCfg = Release|Any CPU
		{A7A413B1-8A2F-450E-B9DE-27BB6F665B27}.Release|x86.Build.0 = Release|Any CPU
		{4AF6FA2F-B9DE-42F4-9893-F68B13F9D268}.Debug|Any CPU.ActiveCfg = Debug|Any CPU
		{4AF6FA2F-B9DE-42F4-9893-F68B13F9D268}.Debug|Any CPU.Build.0 = Debug|Any CPU
		{4AF6FA2F-B9DE-42F4-9893-F68B13F9D268}.Debug|x64.ActiveCfg = Debug|Any CPU
		{4AF6FA2F-B9DE-42F4-9893-F68B13F9D268}.Debug|x64.Build.0 = Debug|Any CPU
		{4AF6FA2F-B9DE-42F4-9893-F68B13F9D268}.Debug|x86.ActiveCfg = Debug|Any CPU
		{4AF6FA2F-B9DE-42F4-9893-F68B13F9D268}.Debug|x86.Build.0 = Debug|Any CPU
		{4AF6FA2F-B9DE-42F4-9893-F68B13F9D268}.Release|Any CPU.ActiveCfg = Release|Any CPU
		{4AF6FA2F-B9DE-42F4-9893-F68B13F9D268}.Release|Any CPU.Build.0 = Release|Any CPU
		{4AF6FA2F-B9DE-42F4-9893-F68B13F9D268}.Release|x64.ActiveCfg = Release|Any CPU
		{4AF6FA2F-B9DE-42F4-9893-F68B13F9D268}.Release|x64.Build.0 = Release|Any CPU
		{4AF6FA2F-B9DE-42F4-9893-F68B13F9D268}.Release|x86.ActiveCfg = Release|Any CPU
		{4AF6FA2F-B9DE-42F4-9893-F68B13F9D268}.Release|x86.Build.0 = Release|Any CPU
	EndGlobalSection
EndGlobal
